// !$*UTF8*$!
{
	archiveVersion = 1;
	classes = {
	};
	objectVersion = 46;
	objects = {

/* Begin PBXBuildFile section */
		410CED551B3D3D0500CFC47B /* icon-error.png in Resources */ = {isa = PBXBuildFile; fileRef = 410CED4F1B3D3D0500CFC47B /* icon-error.png */; };
		410CED561B3D3D0500CFC47B /* icon-error@2x.png in Resources */ = {isa = PBXBuildFile; fileRef = 410CED501B3D3D0500CFC47B /* icon-error@2x.png */; };
		410CED571B3D3D0500CFC47B /* icon-error@3x.png in Resources */ = {isa = PBXBuildFile; fileRef = 410CED511B3D3D0500CFC47B /* icon-error@3x.png */; };
		410CED581B3D3D0500CFC47B /* icon-info.png in Resources */ = {isa = PBXBuildFile; fileRef = 410CED521B3D3D0500CFC47B /* icon-info.png */; };
		410CED591B3D3D0500CFC47B /* icon-info@2x.png in Resources */ = {isa = PBXBuildFile; fileRef = 410CED531B3D3D0500CFC47B /* icon-info@2x.png */; };
		410CED5A1B3D3D0500CFC47B /* icon-info@3x.png in Resources */ = {isa = PBXBuildFile; fileRef = 410CED541B3D3D0500CFC47B /* icon-info@3x.png */; };
		413C4BEB1B057ADC004CFDAD /* NSDictionary+Util.m in Sources */ = {isa = PBXBuildFile; fileRef = 413C4BE81B057ADC004CFDAD /* NSDictionary+Util.m */; };
		413C4BEC1B057ADC004CFDAD /* UIButton+Util.m in Sources */ = {isa = PBXBuildFile; fileRef = 413C4BEA1B057ADC004CFDAD /* UIButton+Util.m */; };
		413C4BEF1B057CF8004CFDAD /* BaseViewController.m in Sources */ = {isa = PBXBuildFile; fileRef = 413C4BEE1B057CF8004CFDAD /* BaseViewController.m */; };
		413C4C4C1B05A467004CFDAD /* iniConfigReader.m in Sources */ = {isa = PBXBuildFile; fileRef = 413C4C4B1B05A467004CFDAD /* iniConfigReader.m */; };
		413C4C4E1B05A48B004CFDAD /* STCommonUtil.podspec in Resources */ = {isa = PBXBuildFile; fileRef = 413C4C4D1B05A48B004CFDAD /* STCommonUtil.podspec */; };
		413C4D6B1B097F66004CFDAD /* NJKWebViewProgress.m in Sources */ = {isa = PBXBuildFile; fileRef = 413C4D5E1B097F66004CFDAD /* NJKWebViewProgress.m */; };
		413C4D751B097F66004CFDAD /* STWebViewController.m in Sources */ = {isa = PBXBuildFile; fileRef = 413C4D6A1B097F66004CFDAD /* STWebViewController.m */; };
		413C4D801B097F7D004CFDAD /* icon-arrowleft.png in Resources */ = {isa = PBXBuildFile; fileRef = 413C4D771B097F7D004CFDAD /* icon-arrowleft.png */; };
		413C4D811B097F7D004CFDAD /* icon-arrowleft@2x.png in Resources */ = {isa = PBXBuildFile; fileRef = 413C4D781B097F7D004CFDAD /* icon-arrowleft@2x.png */; };
		413C4D821B097F7D004CFDAD /* icon-arrowleft@3x.png in Resources */ = {isa = PBXBuildFile; fileRef = 413C4D791B097F7D004CFDAD /* icon-arrowleft@3x.png */; };
		413C4D831B097F7D004CFDAD /* icon-arrowright.png in Resources */ = {isa = PBXBuildFile; fileRef = 413C4D7A1B097F7D004CFDAD /* icon-arrowright.png */; };
		413C4D841B097F7D004CFDAD /* icon-arrowright@2x.png in Resources */ = {isa = PBXBuildFile; fileRef = 413C4D7B1B097F7D004CFDAD /* icon-arrowright@2x.png */; };
		413C4D851B097F7D004CFDAD /* icon-arrowright@3x.png in Resources */ = {isa = PBXBuildFile; fileRef = 413C4D7C1B097F7D004CFDAD /* icon-arrowright@3x.png */; };
		413C4D861B097F7D004CFDAD /* icon-fresh.png in Resources */ = {isa = PBXBuildFile; fileRef = 413C4D7D1B097F7D004CFDAD /* icon-fresh.png */; };
		413C4D871B097F7D004CFDAD /* icon-fresh@2x.png in Resources */ = {isa = PBXBuildFile; fileRef = 413C4D7E1B097F7D004CFDAD /* icon-fresh@2x.png */; };
		413C4D881B097F7D004CFDAD /* icon-fresh@3x.png in Resources */ = {isa = PBXBuildFile; fileRef = 413C4D7F1B097F7D004CFDAD /* icon-fresh@3x.png */; };
		413C4DA51B0AE5F4004CFDAD /* UIView+MJAlertView.m in Sources */ = {isa = PBXBuildFile; fileRef = 413C4DA41B0AE5F4004CFDAD /* UIView+MJAlertView.m */; };
		41556E6C1AFC9A4300112066 /* main.m in Sources */ = {isa = PBXBuildFile; fileRef = 41556E6B1AFC9A4300112066 /* main.m */; };
		41556E6F1AFC9A4300112066 /* AppDelegate.m in Sources */ = {isa = PBXBuildFile; fileRef = 41556E6E1AFC9A4300112066 /* AppDelegate.m */; };
		41556E721AFC9A4300112066 /* ViewController.m in Sources */ = {isa = PBXBuildFile; fileRef = 41556E711AFC9A4300112066 /* ViewController.m */; };
		41556E751AFC9A4300112066 /* Main.storyboard in Resources */ = {isa = PBXBuildFile; fileRef = 41556E731AFC9A4300112066 /* Main.storyboard */; };
		41556E771AFC9A4300112066 /* Images.xcassets in Resources */ = {isa = PBXBuildFile; fileRef = 41556E761AFC9A4300112066 /* Images.xcassets */; };
		41556E7A1AFC9A4300112066 /* LaunchScreen.xib in Resources */ = {isa = PBXBuildFile; fileRef = 41556E781AFC9A4300112066 /* LaunchScreen.xib */; };
		41556E861AFC9A4300112066 /* STCommonUtilDemoTests.m in Sources */ = {isa = PBXBuildFile; fileRef = 41556E851AFC9A4300112066 /* STCommonUtilDemoTests.m */; };
		41556E941AFC9AB300112066 /* STCommonUtil.m in Sources */ = {isa = PBXBuildFile; fileRef = 41556E931AFC9AB300112066 /* STCommonUtil.m */; };
		41E1EA111B0DB0B900F3ED80 /* NSDictionary+JSONString.m in Sources */ = {isa = PBXBuildFile; fileRef = 41E1EA101B0DB0B900F3ED80 /* NSDictionary+JSONString.m */; };
		5488EA62ABD6E29D7DAB8BC9 /* libPods.a in Frameworks */ = {isa = PBXBuildFile; fileRef = E38A8B1D5FD63DFFF238FE45 /* libPods.a */; };
/* End PBXBuildFile section */

/* Begin PBXContainerItemProxy section */
		41556E801AFC9A4300112066 /* PBXContainerItemProxy */ = {
			isa = PBXContainerItemProxy;
			containerPortal = 41556E5E1AFC9A4300112066 /* Project object */;
			proxyType = 1;
			remoteGlobalIDString = 41556E651AFC9A4300112066;
			remoteInfo = STCommonUtilDemo;
		};
/* End PBXContainerItemProxy section */

/* Begin PBXFileReference section */
		410CED4F1B3D3D0500CFC47B /* icon-error.png */ = {isa = PBXFileReference; lastKnownFileType = image.png; path = "icon-error.png"; sourceTree = "<group>"; };
		410CED501B3D3D0500CFC47B /* icon-error@2x.png */ = {isa = PBXFileReference; lastKnownFileType = image.png; path = "icon-error@2x.png"; sourceTree = "<group>"; };
		410CED511B3D3D0500CFC47B /* icon-error@3x.png */ = {isa = PBXFileReference; lastKnownFileType = image.png; path = "icon-error@3x.png"; sourceTree = "<group>"; };
		410CED521B3D3D0500CFC47B /* icon-info.png */ = {isa = PBXFileReference; lastKnownFileType = image.png; path = "icon-info.png"; sourceTree = "<group>"; };
		410CED531B3D3D0500CFC47B /* icon-info@2x.png */ = {isa = PBXFileReference; lastKnownFileType = image.png; path = "icon-info@2x.png"; sourceTree = "<group>"; };
		410CED541B3D3D0500CFC47B /* icon-info@3x.png */ = {isa = PBXFileReference; lastKnownFileType = image.png; path = "icon-info@3x.png"; sourceTree = "<group>"; };
		413C4BE71B057ADC004CFDAD /* NSDictionary+Util.h */ = {isa = PBXFileReference; fileEncoding = 4; lastKnownFileType = sourcecode.c.h; path = "NSDictionary+Util.h"; sourceTree = "<group>"; };
		413C4BE81B057ADC004CFDAD /* NSDictionary+Util.m */ = {isa = PBXFileReference; fileEncoding = 4; lastKnownFileType = sourcecode.c.objc; path = "NSDictionary+Util.m"; sourceTree = "<group>"; };
		413C4BE91B057ADC004CFDAD /* UIButton+Util.h */ = {isa = PBXFileReference; fileEncoding = 4; lastKnownFileType = sourcecode.c.h; path = "UIButton+Util.h"; sourceTree = "<group>"; };
		413C4BEA1B057ADC004CFDAD /* UIButton+Util.m */ = {isa = PBXFileReference; fileEncoding = 4; lastKnownFileType = sourcecode.c.objc; path = "UIButton+Util.m"; sourceTree = "<group>"; };
		413C4BED1B057CF8004CFDAD /* BaseViewController.h */ = {isa = PBXFileReference; fileEncoding = 4; lastKnownFileType = sourcecode.c.h; path = BaseViewController.h; sourceTree = "<group>"; };
		413C4BEE1B057CF8004CFDAD /* BaseViewController.m */ = {isa = PBXFileReference; fileEncoding = 4; lastKnownFileType = sourcecode.c.objc; path = BaseViewController.m; sourceTree = "<group>"; };
		413C4C4A1B05A467004CFDAD /* iniConfigReader.h */ = {isa = PBXFileReference; fileEncoding = 4; lastKnownFileType = sourcecode.c.h; path = iniConfigReader.h; sourceTree = "<group>"; };
		413C4C4B1B05A467004CFDAD /* iniConfigReader.m */ = {isa = PBXFileReference; fileEncoding = 4; lastKnownFileType = sourcecode.c.objc; path = iniConfigReader.m; sourceTree = "<group>"; };
		413C4C4D1B05A48B004CFDAD /* STCommonUtil.podspec */ = {isa = PBXFileReference; fileEncoding = 4; lastKnownFileType = text; name = STCommonUtil.podspec; path = ../STCommonUtil.podspec; sourceTree = "<group>"; };
		413C4D5D1B097F66004CFDAD /* NJKWebViewProgress.h */ = {isa = PBXFileReference; fileEncoding = 4; lastKnownFileType = sourcecode.c.h; path = NJKWebViewProgress.h; sourceTree = "<group>"; };
		413C4D5E1B097F66004CFDAD /* NJKWebViewProgress.m */ = {isa = PBXFileReference; fileEncoding = 4; lastKnownFileType = sourcecode.c.objc; path = NJKWebViewProgress.m; sourceTree = "<group>"; };
		413C4D691B097F66004CFDAD /* STWebViewController.h */ = {isa = PBXFileReference; fileEncoding = 4; lastKnownFileType = sourcecode.c.h; path = STWebViewController.h; sourceTree = "<group>"; };
		413C4D6A1B097F66004CFDAD /* STWebViewController.m */ = {isa = PBXFileReference; fileEncoding = 4; lastKnownFileType = sourcecode.c.objc; path = STWebViewController.m; sourceTree = "<group>"; };
		413C4D771B097F7D004CFDAD /* icon-arrowleft.png */ = {isa = PBXFileReference; lastKnownFileType = image.png; path = "icon-arrowleft.png"; sourceTree = "<group>"; };
		413C4D781B097F7D004CFDAD /* icon-arrowleft@2x.png */ = {isa = PBXFileReference; lastKnownFileType = image.png; path = "icon-arrowleft@2x.png"; sourceTree = "<group>"; };
		413C4D791B097F7D004CFDAD /* icon-arrowleft@3x.png */ = {isa = PBXFileReference; lastKnownFileType = image.png; path = "icon-arrowleft@3x.png"; sourceTree = "<group>"; };
		413C4D7A1B097F7D004CFDAD /* icon-arrowright.png */ = {isa = PBXFileReference; lastKnownFileType = image.png; path = "icon-arrowright.png"; sourceTree = "<group>"; };
		413C4D7B1B097F7D004CFDAD /* icon-arrowright@2x.png */ = {isa = PBXFileReference; lastKnownFileType = image.png; path = "icon-arrowright@2x.png"; sourceTree = "<group>"; };
		413C4D7C1B097F7D004CFDAD /* icon-arrowright@3x.png */ = {isa = PBXFileReference; lastKnownFileType = image.png; path = "icon-arrowright@3x.png"; sourceTree = "<group>"; };
		413C4D7D1B097F7D004CFDAD /* icon-fresh.png */ = {isa = PBXFileReference; lastKnownFileType = image.png; path = "icon-fresh.png"; sourceTree = "<group>"; };
		413C4D7E1B097F7D004CFDAD /* icon-fresh@2x.png */ = {isa = PBXFileReference; lastKnownFileType = image.png; path = "icon-fresh@2x.png"; sourceTree = "<group>"; };
		413C4D7F1B097F7D004CFDAD /* icon-fresh@3x.png */ = {isa = PBXFileReference; lastKnownFileType = image.png; path = "icon-fresh@3x.png"; sourceTree = "<group>"; };
		413C4DA31B0AE5F4004CFDAD /* UIView+MJAlertView.h */ = {isa = PBXFileReference; fileEncoding = 4; lastKnownFileType = sourcecode.c.h; path = "UIView+MJAlertView.h"; sourceTree = "<group>"; };
		413C4DA41B0AE5F4004CFDAD /* UIView+MJAlertView.m */ = {isa = PBXFileReference; fileEncoding = 4; lastKnownFileType = sourcecode.c.objc; path = "UIView+MJAlertView.m"; sourceTree = "<group>"; };
		41556E661AFC9A4300112066 /* STCommonUtilDemo.app */ = {isa = PBXFileReference; explicitFileType = wrapper.application; includeInIndex = 0; path = STCommonUtilDemo.app; sourceTree = BUILT_PRODUCTS_DIR; };
		41556E6A1AFC9A4300112066 /* Info.plist */ = {isa = PBXFileReference; lastKnownFileType = text.plist.xml; path = Info.plist; sourceTree = "<group>"; };
		41556E6B1AFC9A4300112066 /* main.m */ = {isa = PBXFileReference; lastKnownFileType = sourcecode.c.objc; path = main.m; sourceTree = "<group>"; };
		41556E6D1AFC9A4300112066 /* AppDelegate.h */ = {isa = PBXFileReference; lastKnownFileType = sourcecode.c.h; path = AppDelegate.h; sourceTree = "<group>"; };
		41556E6E1AFC9A4300112066 /* AppDelegate.m */ = {isa = PBXFileReference; lastKnownFileType = sourcecode.c.objc; path = AppDelegate.m; sourceTree = "<group>"; };
		41556E701AFC9A4300112066 /* ViewController.h */ = {isa = PBXFileReference; lastKnownFileType = sourcecode.c.h; path = ViewController.h; sourceTree = "<group>"; };
		41556E711AFC9A4300112066 /* ViewController.m */ = {isa = PBXFileReference; lastKnownFileType = sourcecode.c.objc; path = ViewController.m; sourceTree = "<group>"; };
		41556E741AFC9A4300112066 /* Base */ = {isa = PBXFileReference; lastKnownFileType = file.storyboard; name = Base; path = Base.lproj/Main.storyboard; sourceTree = "<group>"; };
		41556E761AFC9A4300112066 /* Images.xcassets */ = {isa = PBXFileReference; lastKnownFileType = folder.assetcatalog; path = Images.xcassets; sourceTree = "<group>"; };
		41556E791AFC9A4300112066 /* Base */ = {isa = PBXFileReference; lastKnownFileType = file.xib; name = Base; path = Base.lproj/LaunchScreen.xib; sourceTree = "<group>"; };
		41556E7F1AFC9A4300112066 /* STCommonUtilDemoTests.xctest */ = {isa = PBXFileReference; explicitFileType = wrapper.cfbundle; includeInIndex = 0; path = STCommonUtilDemoTests.xctest; sourceTree = BUILT_PRODUCTS_DIR; };
		41556E841AFC9A4300112066 /* Info.plist */ = {isa = PBXFileReference; lastKnownFileType = text.plist.xml; path = Info.plist; sourceTree = "<group>"; };
		41556E851AFC9A4300112066 /* STCommonUtilDemoTests.m */ = {isa = PBXFileReference; lastKnownFileType = sourcecode.c.objc; path = STCommonUtilDemoTests.m; sourceTree = "<group>"; };
		41556E921AFC9AB300112066 /* STCommonUtil.h */ = {isa = PBXFileReference; fileEncoding = 4; lastKnownFileType = sourcecode.c.h; path = STCommonUtil.h; sourceTree = "<group>"; };
		41556E931AFC9AB300112066 /* STCommonUtil.m */ = {isa = PBXFileReference; fileEncoding = 4; lastKnownFileType = sourcecode.c.objc; path = STCommonUtil.m; sourceTree = "<group>"; };
		41E1EA0F1B0DB0B900F3ED80 /* NSDictionary+JSONString.h */ = {isa = PBXFileReference; fileEncoding = 4; lastKnownFileType = sourcecode.c.h; path = "NSDictionary+JSONString.h"; sourceTree = "<group>"; };
		41E1EA101B0DB0B900F3ED80 /* NSDictionary+JSONString.m */ = {isa = PBXFileReference; fileEncoding = 4; lastKnownFileType = sourcecode.c.objc; path = "NSDictionary+JSONString.m"; sourceTree = "<group>"; };
		87C6B22B02772D507AA5E71E /* Pods.release.xcconfig */ = {isa = PBXFileReference; includeInIndex = 1; lastKnownFileType = text.xcconfig; name = Pods.release.xcconfig; path = "Pods/Target Support Files/Pods/Pods.release.xcconfig"; sourceTree = "<group>"; };
		AB84F4BC7FC85B0C32DD5AEC /* Pods.debug.xcconfig */ = {isa = PBXFileReference; includeInIndex = 1; lastKnownFileType = text.xcconfig; name = Pods.debug.xcconfig; path = "Pods/Target Support Files/Pods/Pods.debug.xcconfig"; sourceTree = "<group>"; };
		E38A8B1D5FD63DFFF238FE45 /* libPods.a */ = {isa = PBXFileReference; explicitFileType = archive.ar; includeInIndex = 0; path = libPods.a; sourceTree = BUILT_PRODUCTS_DIR; };
/* End PBXFileReference section */

/* Begin PBXFrameworksBuildPhase section */
		41556E631AFC9A4300112066 /* Frameworks */ = {
			isa = PBXFrameworksBuildPhase;
			buildActionMask = 2147483647;
			files = (
				5488EA62ABD6E29D7DAB8BC9 /* libPods.a in Frameworks */,
			);
			runOnlyForDeploymentPostprocessing = 0;
		};
		41556E7C1AFC9A4300112066 /* Frameworks */ = {
			isa = PBXFrameworksBuildPhase;
			buildActionMask = 2147483647;
			files = (
			);
			runOnlyForDeploymentPostprocessing = 0;
		};
/* End PBXFrameworksBuildPhase section */

/* Begin PBXGroup section */
		413C4D761B097F7D004CFDAD /* STCommonImages */ = {
			isa = PBXGroup;
			children = (
				410CED4F1B3D3D0500CFC47B /* icon-error.png */,
				410CED501B3D3D0500CFC47B /* icon-error@2x.png */,
				410CED511B3D3D0500CFC47B /* icon-error@3x.png */,
				410CED521B3D3D0500CFC47B /* icon-info.png */,
				410CED531B3D3D0500CFC47B /* icon-info@2x.png */,
				410CED541B3D3D0500CFC47B /* icon-info@3x.png */,
				413C4D771B097F7D004CFDAD /* icon-arrowleft.png */,
				413C4D781B097F7D004CFDAD /* icon-arrowleft@2x.png */,
				413C4D791B097F7D004CFDAD /* icon-arrowleft@3x.png */,
				413C4D7A1B097F7D004CFDAD /* icon-arrowright.png */,
				413C4D7B1B097F7D004CFDAD /* icon-arrowright@2x.png */,
				413C4D7C1B097F7D004CFDAD /* icon-arrowright@3x.png */,
				413C4D7D1B097F7D004CFDAD /* icon-fresh.png */,
				413C4D7E1B097F7D004CFDAD /* icon-fresh@2x.png */,
				413C4D7F1B097F7D004CFDAD /* icon-fresh@3x.png */,
			);
			path = STCommonImages;
			sourceTree = "<group>";
		};
		41556E5D1AFC9A4300112066 = {
			isa = PBXGroup;
			children = (
				413C4C4D1B05A48B004CFDAD /* STCommonUtil.podspec */,
				41556E8F1AFC9A5900112066 /* STCommonUtil */,
				41556E681AFC9A4300112066 /* STCommonUtilDemo */,
				41556E821AFC9A4300112066 /* STCommonUtilDemoTests */,
				41556E671AFC9A4300112066 /* Products */,
				AA818943312C7BFDE3AD09A2 /* Pods */,
				86BDE87092BCA2EBBCD850EB /* Frameworks */,
			);
			sourceTree = "<group>";
		};
		41556E671AFC9A4300112066 /* Products */ = {
			isa = PBXGroup;
			children = (
				41556E661AFC9A4300112066 /* STCommonUtilDemo.app */,
				41556E7F1AFC9A4300112066 /* STCommonUtilDemoTests.xctest */,
			);
			name = Products;
			sourceTree = "<group>";
		};
		41556E681AFC9A4300112066 /* STCommonUtilDemo */ = {
			isa = PBXGroup;
			children = (
				41556E6D1AFC9A4300112066 /* AppDelegate.h */,
				41556E6E1AFC9A4300112066 /* AppDelegate.m */,
				41556E701AFC9A4300112066 /* ViewController.h */,
				41556E711AFC9A4300112066 /* ViewController.m */,
				41556E731AFC9A4300112066 /* Main.storyboard */,
				41556E761AFC9A4300112066 /* Images.xcassets */,
				41556E781AFC9A4300112066 /* LaunchScreen.xib */,
				41556E691AFC9A4300112066 /* Supporting Files */,
			);
			path = STCommonUtilDemo;
			sourceTree = "<group>";
		};
		41556E691AFC9A4300112066 /* Supporting Files */ = {
			isa = PBXGroup;
			children = (
				41556E6A1AFC9A4300112066 /* Info.plist */,
				41556E6B1AFC9A4300112066 /* main.m */,
			);
			name = "Supporting Files";
			sourceTree = "<group>";
		};
		41556E821AFC9A4300112066 /* STCommonUtilDemoTests */ = {
			isa = PBXGroup;
			children = (
				41556E851AFC9A4300112066 /* STCommonUtilDemoTests.m */,
				41556E831AFC9A4300112066 /* Supporting Files */,
			);
			path = STCommonUtilDemoTests;
			sourceTree = "<group>";
		};
		41556E831AFC9A4300112066 /* Supporting Files */ = {
			isa = PBXGroup;
			children = (
				41556E841AFC9A4300112066 /* Info.plist */,
			);
			name = "Supporting Files";
			sourceTree = "<group>";
		};
		41556E8F1AFC9A5900112066 /* STCommonUtil */ = {
			isa = PBXGroup;
			children = (
				413C4DA31B0AE5F4004CFDAD /* UIView+MJAlertView.h */,
				413C4DA41B0AE5F4004CFDAD /* UIView+MJAlertView.m */,
				413C4D761B097F7D004CFDAD /* STCommonImages */,
				413C4D5D1B097F66004CFDAD /* NJKWebViewProgress.h */,
				413C4D5E1B097F66004CFDAD /* NJKWebViewProgress.m */,
				413C4D691B097F66004CFDAD /* STWebViewController.h */,
				413C4D6A1B097F66004CFDAD /* STWebViewController.m */,
				413C4C4A1B05A467004CFDAD /* iniConfigReader.h */,
				413C4C4B1B05A467004CFDAD /* iniConfigReader.m */,
				413C4BE71B057ADC004CFDAD /* NSDictionary+Util.h */,
				413C4BE81B057ADC004CFDAD /* NSDictionary+Util.m */,
				413C4BE91B057ADC004CFDAD /* UIButton+Util.h */,
				413C4BEA1B057ADC004CFDAD /* UIButton+Util.m */,
				41556E921AFC9AB300112066 /* STCommonUtil.h */,
				41556E931AFC9AB300112066 /* STCommonUtil.m */,
				413C4BED1B057CF8004CFDAD /* BaseViewController.h */,
				413C4BEE1B057CF8004CFDAD /* BaseViewController.m */,
				41E1EA0F1B0DB0B900F3ED80 /* NSDictionary+JSONString.h */,
				41E1EA101B0DB0B900F3ED80 /* NSDictionary+JSONString.m */,
			);
			name = STCommonUtil;
			path = ../STCommonUtil;
			sourceTree = "<group>";
		};
		86BDE87092BCA2EBBCD850EB /* Frameworks */ = {
			isa = PBXGroup;
			children = (
				E38A8B1D5FD63DFFF238FE45 /* libPods.a */,
			);
			name = Frameworks;
			sourceTree = "<group>";
		};
		AA818943312C7BFDE3AD09A2 /* Pods */ = {
			isa = PBXGroup;
			children = (
				AB84F4BC7FC85B0C32DD5AEC /* Pods.debug.xcconfig */,
				87C6B22B02772D507AA5E71E /* Pods.release.xcconfig */,
			);
			name = Pods;
			sourceTree = "<group>";
		};
/* End PBXGroup section */

/* Begin PBXNativeTarget section */
		41556E651AFC9A4300112066 /* STCommonUtilDemo */ = {
			isa = PBXNativeTarget;
			buildConfigurationList = 41556E891AFC9A4300112066 /* Build configuration list for PBXNativeTarget "STCommonUtilDemo" */;
			buildPhases = (
				B9A17315394720D1B55E4718 /* Check Pods Manifest.lock */,
				41556E621AFC9A4300112066 /* Sources */,
				41556E631AFC9A4300112066 /* Frameworks */,
				41556E641AFC9A4300112066 /* Resources */,
				2DB44909559B534054CE0D29 /* Copy Pods Resources */,
			);
			buildRules = (
			);
			dependencies = (
			);
			name = STCommonUtilDemo;
			productName = STCommonUtilDemo;
			productReference = 41556E661AFC9A4300112066 /* STCommonUtilDemo.app */;
			productType = "com.apple.product-type.application";
		};
		41556E7E1AFC9A4300112066 /* STCommonUtilDemoTests */ = {
			isa = PBXNativeTarget;
			buildConfigurationList = 41556E8C1AFC9A4300112066 /* Build configuration list for PBXNativeTarget "STCommonUtilDemoTests" */;
			buildPhases = (
				41556E7B1AFC9A4300112066 /* Sources */,
				41556E7C1AFC9A4300112066 /* Frameworks */,
				41556E7D1AFC9A4300112066 /* Resources */,
			);
			buildRules = (
			);
			dependencies = (
				41556E811AFC9A4300112066 /* PBXTargetDependency */,
			);
			name = STCommonUtilDemoTests;
			productName = STCommonUtilDemoTests;
			productReference = 41556E7F1AFC9A4300112066 /* STCommonUtilDemoTests.xctest */;
			productType = "com.apple.product-type.bundle.unit-test";
		};
/* End PBXNativeTarget section */

/* Begin PBXProject section */
		41556E5E1AFC9A4300112066 /* Project object */ = {
			isa = PBXProject;
			attributes = {
				LastUpgradeCheck = 0630;
				ORGANIZATIONNAME = Shiqyn;
				TargetAttributes = {
					41556E651AFC9A4300112066 = {
						CreatedOnToolsVersion = 6.3.1;
					};
					41556E7E1AFC9A4300112066 = {
						CreatedOnToolsVersion = 6.3.1;
						TestTargetID = 41556E651AFC9A4300112066;
					};
				};
			};
			buildConfigurationList = 41556E611AFC9A4300112066 /* Build configuration list for PBXProject "STCommonUtilDemo" */;
			compatibilityVersion = "Xcode 3.2";
			developmentRegion = English;
			hasScannedForEncodings = 0;
			knownRegions = (
				en,
				Base,
			);
			mainGroup = 41556E5D1AFC9A4300112066;
			productRefGroup = 41556E671AFC9A4300112066 /* Products */;
			projectDirPath = "";
			projectRoot = "";
			targets = (
				41556E651AFC9A4300112066 /* STCommonUtilDemo */,
				41556E7E1AFC9A4300112066 /* STCommonUtilDemoTests */,
			);
		};
/* End PBXProject section */

/* Begin PBXResourcesBuildPhase section */
		41556E641AFC9A4300112066 /* Resources */ = {
			isa = PBXResourcesBuildPhase;
			buildActionMask = 2147483647;
			files = (
				413C4D811B097F7D004CFDAD /* icon-arrowleft@2x.png in Resources */,
				413C4D851B097F7D004CFDAD /* icon-arrowright@3x.png in Resources */,
				41556E751AFC9A4300112066 /* Main.storyboard in Resources */,
				410CED591B3D3D0500CFC47B /* icon-info@2x.png in Resources */,
				413C4D821B097F7D004CFDAD /* icon-arrowleft@3x.png in Resources */,
				413C4D801B097F7D004CFDAD /* icon-arrowleft.png in Resources */,
				41556E7A1AFC9A4300112066 /* LaunchScreen.xib in Resources */,
				413C4D831B097F7D004CFDAD /* icon-arrowright.png in Resources */,
				410CED551B3D3D0500CFC47B /* icon-error.png in Resources */,
				413C4D861B097F7D004CFDAD /* icon-fresh.png in Resources */,
				413C4D871B097F7D004CFDAD /* icon-fresh@2x.png in Resources */,
				413C4C4E1B05A48B004CFDAD /* STCommonUtil.podspec in Resources */,
				41556E771AFC9A4300112066 /* Images.xcassets in Resources */,
				413C4D881B097F7D004CFDAD /* icon-fresh@3x.png in Resources */,
				410CED581B3D3D0500CFC47B /* icon-info.png in Resources */,
				413C4D841B097F7D004CFDAD /* icon-arrowright@2x.png in Resources */,
				410CED561B3D3D0500CFC47B /* icon-error@2x.png in Resources */,
				410CED571B3D3D0500CFC47B /* icon-error@3x.png in Resources */,
				410CED5A1B3D3D0500CFC47B /* icon-info@3x.png in Resources */,
			);
			runOnlyForDeploymentPostprocessing = 0;
		};
		41556E7D1AFC9A4300112066 /* Resources */ = {
			isa = PBXResourcesBuildPhase;
			buildActionMask = 2147483647;
			files = (
			);
			runOnlyForDeploymentPostprocessing = 0;
		};
/* End PBXResourcesBuildPhase section */

/* Begin PBXShellScriptBuildPhase section */
		2DB44909559B534054CE0D29 /* Copy Pods Resources */ = {
			isa = PBXShellScriptBuildPhase;
			buildActionMask = 2147483647;
			files = (
			);
			inputPaths = (
			);
			name = "Copy Pods Resources";
			outputPaths = (
			);
			runOnlyForDeploymentPostprocessing = 0;
			shellPath = /bin/sh;
			shellScript = "\"${SRCROOT}/Pods/Target Support Files/Pods/Pods-resources.sh\"\n";
			showEnvVarsInLog = 0;
		};
		B9A17315394720D1B55E4718 /* Check Pods Manifest.lock */ = {
			isa = PBXShellScriptBuildPhase;
			buildActionMask = 2147483647;
			files = (
			);
			inputPaths = (
			);
			name = "Check Pods Manifest.lock";
			outputPaths = (
			);
			runOnlyForDeploymentPostprocessing = 0;
			shellPath = /bin/sh;
			shellScript = "diff \"${PODS_ROOT}/../Podfile.lock\" \"${PODS_ROOT}/Manifest.lock\" > /dev/null\nif [[ $? != 0 ]] ; then\n    cat << EOM\nerror: The sandbox is not in sync with the Podfile.lock. Run 'pod install' or update your CocoaPods installation.\nEOM\n    exit 1\nfi\n";
			showEnvVarsInLog = 0;
		};
/* End PBXShellScriptBuildPhase section */

/* Begin PBXSourcesBuildPhase section */
		41556E621AFC9A4300112066 /* Sources */ = {
			isa = PBXSourcesBuildPhase;
			buildActionMask = 2147483647;
			files = (
				41556E721AFC9A4300112066 /* ViewController.m in Sources */,
				41556E6F1AFC9A4300112066 /* AppDelegate.m in Sources */,
				413C4D751B097F66004CFDAD /* STWebViewController.m in Sources */,
				41556E6C1AFC9A4300112066 /* main.m in Sources */,
				413C4BEC1B057ADC004CFDAD /* UIButton+Util.m in Sources */,
				413C4DA51B0AE5F4004CFDAD /* UIView+MJAlertView.m in Sources */,
				413C4BEB1B057ADC004CFDAD /* NSDictionary+Util.m in Sources */,
				41E1EA111B0DB0B900F3ED80 /* NSDictionary+JSONString.m in Sources */,
				413C4C4C1B05A467004CFDAD /* iniConfigReader.m in Sources */,
				413C4BEF1B057CF8004CFDAD /* BaseViewController.m in Sources */,
				413C4D6B1B097F66004CFDAD /* NJKWebViewProgress.m in Sources */,
				41556E941AFC9AB300112066 /* STCommonUtil.m in Sources */,
			);
			runOnlyForDeploymentPostprocessing = 0;
		};
		41556E7B1AFC9A4300112066 /* Sources */ = {
			isa = PBXSourcesBuildPhase;
			buildActionMask = 2147483647;
			files = (
				41556E861AFC9A4300112066 /* STCommonUtilDemoTests.m in Sources */,
			);
			runOnlyForDeploymentPostprocessing = 0;
		};
/* End PBXSourcesBuildPhase section */

/* Begin PBXTargetDependency section */
		41556E811AFC9A4300112066 /* PBXTargetDependency */ = {
			isa = PBXTargetDependency;
			target = 41556E651AFC9A4300112066 /* STCommonUtilDemo */;
			targetProxy = 41556E801AFC9A4300112066 /* PBXContainerItemProxy */;
		};
/* End PBXTargetDependency section */

/* Begin PBXVariantGroup section */
		41556E731AFC9A4300112066 /* Main.storyboard */ = {
			isa = PBXVariantGroup;
			children = (
				41556E741AFC9A4300112066 /* Base */,
			);
			name = Main.storyboard;
			sourceTree = "<group>";
		};
		41556E781AFC9A4300112066 /* LaunchScreen.xib */ = {
			isa = PBXVariantGroup;
			children = (
				41556E791AFC9A4300112066 /* Base */,
			);
			name = LaunchScreen.xib;
			sourceTree = "<group>";
		};
/* End PBXVariantGroup section */

/* Begin XCBuildConfiguration section */
		41556E871AFC9A4300112066 /* Debug */ = {
			isa = XCBuildConfiguration;
			buildSettings = {
				ALWAYS_SEARCH_USER_PATHS = NO;
				CLANG_CXX_LANGUAGE_STANDARD = "gnu++0x";
				CLANG_CXX_LIBRARY = "libc++";
				CLANG_ENABLE_MODULES = YES;
				CLANG_ENABLE_OBJC_ARC = YES;
				CLANG_WARN_BOOL_CONVERSION = YES;
				CLANG_WARN_CONSTANT_CONVERSION = YES;
				CLANG_WARN_DIRECT_OBJC_ISA_USAGE = YES_ERROR;
				CLANG_WARN_EMPTY_BODY = YES;
				CLANG_WARN_ENUM_CONVERSION = YES;
				CLANG_WARN_INT_CONVERSION = YES;
				CLANG_WARN_OBJC_ROOT_CLASS = YES_ERROR;
				CLANG_WARN_UNREACHABLE_CODE = YES;
				CLANG_WARN__DUPLICATE_METHOD_MATCH = YES;
				"CODE_SIGN_IDENTITY[sdk=iphoneos*]" = "iPhone Developer";
				COPY_PHASE_STRIP = NO;
				DEBUG_INFORMATION_FORMAT = "dwarf-with-dsym";
				ENABLE_STRICT_OBJC_MSGSEND = YES;
				GCC_C_LANGUAGE_STANDARD = gnu99;
				GCC_DYNAMIC_NO_PIC = NO;
				GCC_NO_COMMON_BLOCKS = YES;
				GCC_OPTIMIZATION_LEVEL = 0;
				GCC_PREPROCESSOR_DEFINITIONS = (
					"DEBUG=1",
					"$(inherited)",
				);
				GCC_SYMBOLS_PRIVATE_EXTERN = NO;
				GCC_WARN_64_TO_32_BIT_CONVERSION = YES;
				GCC_WARN_ABOUT_RETURN_TYPE = YES_ERROR;
				GCC_WARN_UNDECLARED_SELECTOR = YES;
				GCC_WARN_UNINITIALIZED_AUTOS = YES_AGGRESSIVE;
				GCC_WARN_UNUSED_FUNCTION = YES;
				GCC_WARN_UNUSED_VARIABLE = YES;
				IPHONEOS_DEPLOYMENT_TARGET = 8.3;
				MTL_ENABLE_DEBUG_INFO = YES;
				ONLY_ACTIVE_ARCH = YES;
				SDKROOT = iphoneos;
			};
			name = Debug;
		};
		41556E881AFC9A4300112066 /* Release */ = {
			isa = XCBuildConfiguration;
			buildSettings = {
				ALWAYS_SEARCH_USER_PATHS = NO;
				CLANG_CXX_LANGUAGE_STANDARD = "gnu++0x";
				CLANG_CXX_LIBRARY = "libc++";
				CLANG_ENABLE_MODULES = YES;
				CLANG_ENABLE_OBJC_ARC = YES;
				CLANG_WARN_BOOL_CONVERSION = YES;
				CLANG_WARN_CONSTANT_CONVERSION = YES;
				CLANG_WARN_DIRECT_OBJC_ISA_USAGE = YES_ERROR;
				CLANG_WARN_EMPTY_BODY = YES;
				CLANG_WARN_ENUM_CONVERSION = YES;
				CLANG_WARN_INT_CONVERSION = YES;
				CLANG_WARN_OBJC_ROOT_CLASS = YES_ERROR;
				CLANG_WARN_UNREACHABLE_CODE = YES;
				CLANG_WARN__DUPLICATE_METHOD_MATCH = YES;
				"CODE_SIGN_IDENTITY[sdk=iphoneos*]" = "iPhone Developer";
				COPY_PHASE_STRIP = NO;
				DEBUG_INFORMATION_FORMAT = "dwarf-with-dsym";
				ENABLE_NS_ASSERTIONS = NO;
				ENABLE_STRICT_OBJC_MSGSEND = YES;
				GCC_C_LANGUAGE_STANDARD = gnu99;
				GCC_NO_COMMON_BLOCKS = YES;
				GCC_WARN_64_TO_32_BIT_CONVERSION = YES;
				GCC_WARN_ABOUT_RETURN_TYPE = YES_ERROR;
				GCC_WARN_UNDECLARED_SELECTOR = YES;
				GCC_WARN_UNINITIALIZED_AUTOS = YES_AGGRESSIVE;
				GCC_WARN_UNUSED_FUNCTION = YES;
				GCC_WARN_UNUSED_VARIABLE = YES;
				IPHONEOS_DEPLOYMENT_TARGET = 8.3;
				MTL_ENABLE_DEBUG_INFO = NO;
				SDKROOT = iphoneos;
				VALIDATE_PRODUCT = YES;
			};
			name = Release;
		};
		41556E8A1AFC9A4300112066 /* Debug */ = {
			isa = XCBuildConfiguration;
			baseConfigurationReference = AB84F4BC7FC85B0C32DD5AEC /* Pods.debug.xcconfig */;
			buildSettings = {
				ASSETCATALOG_COMPILER_APPICON_NAME = AppIcon;
				INFOPLIST_FILE = STCommonUtilDemo/Info.plist;
				LD_RUNPATH_SEARCH_PATHS = "$(inherited) @executable_path/Frameworks";
				PRODUCT_NAME = "$(TARGET_NAME)";
			};
			name = Debug;
		};
		41556E8B1AFC9A4300112066 /* Release */ = {
			isa = XCBuildConfiguration;
			baseConfigurationReference = 87C6B22B02772D507AA5E71E /* Pods.release.xcconfig */;
			buildSettings = {
				ASSETCATALOG_COMPILER_APPICON_NAME = AppIcon;
				INFOPLIST_FILE = STCommonUtilDemo/Info.plist;
				LD_RUNPATH_SEARCH_PATHS = "$(inherited) @executable_path/Frameworks";
				PRODUCT_NAME = "$(TARGET_NAME)";
			};
			name = Release;
		};
		41556E8D1AFC9A4300112066 /* Debug */ = {
			isa = XCBuildConfiguration;
			buildSettings = {
				BUNDLE_LOADER = "$(TEST_HOST)";
				FRAMEWORK_SEARCH_PATHS = (
					"$(SDKROOT)/Developer/Library/Frameworks",
					"$(inherited)",
				);
				GCC_PREPROCESSOR_DEFINITIONS = (
					"DEBUG=1",
					"$(inherited)",
				);
				INFOPLIST_FILE = STCommonUtilDemoTests/Info.plist;
				LD_RUNPATH_SEARCH_PATHS = "$(inherited) @executable_path/Frameworks @loader_path/Frameworks";
				PRODUCT_NAME = "$(TARGET_NAME)";
				TEST_HOST = "$(BUILT_PRODUCTS_DIR)/STCommonUtilDemo.app/STCommonUtilDemo";
			};
			name = Debug;
		};
		41556E8E1AFC9A4300112066 /* Release */ = {
			isa = XCBuildConfiguration;
			buildSettings = {
				BUNDLE_LOADER = "$(TEST_HOST)";
				FRAMEWORK_SEARCH_PATHS = (
					"$(SDKROOT)/Developer/Library/Frameworks",
					"$(inherited)",
				);
				INFOPLIST_FILE = STCommonUtilDemoTests/Info.plist;
				LD_RUNPATH_SEARCH_PATHS = "$(inherited) @executable_path/Frameworks @loader_path/Frameworks";
				PRODUCT_NAME = "$(TARGET_NAME)";
				TEST_HOST = "$(BUILT_PRODUCTS_DIR)/STCommonUtilDemo.app/STCommonUtilDemo";
			};
			name = Release;
		};
/* End XCBuildConfiguration section */

/* Begin XCConfigurationList section */
		41556E611AFC9A4300112066 /* Build configuration list for PBXProject "STCommonUtilDemo" */ = {
			isa = XCConfigurationList;
			buildConfigurations = (
				41556E871AFC9A4300112066 /* Debug */,
				41556E881AFC9A4300112066 /* Release */,
			);
			defaultConfigurationIsVisible = 0;
			defaultConfigurationName = Release;
		};
		41556E891AFC9A4300112066 /* Build configuration list for PBXNativeTarget "STCommonUtilDemo" */ = {
			isa = XCConfigurationList;
			buildConfigurations = (
				41556E8A1AFC9A4300112066 /* Debug */,
				41556E8B1AFC9A4300112066 /* Release */,
			);
			defaultConfigurationIsVisible = 0;
			defaultConfigurationName = Release;
		};
		41556E8C1AFC9A4300112066 /* Build configuration list for PBXNativeTarget "STCommonUtilDemoTests" */ = {
			isa = XCConfigurationList;
			buildConfigurations = (
				41556E8D1AFC9A4300112066 /* Debug */,
				41556E8E1AFC9A4300112066 /* Release */,
			);
			defaultConfigurationIsVisible = 0;
			defaultConfigurationName = Release;
		};
/* End XCConfigurationList section */
	};
	rootObject = 41556E5E1AFC9A4300112066 /* Project object */;
}
